
Microsoft Visual Studio Solution File, Format Version 12.00
# Visual Studio Version 16
VisualStudioVersion = 16.0.30413.136
MinimumVisualStudioVersion = 10.0.40219.1
Project("{FAE04EC0-301F-11D3-BF4B-00C04F79EFBC}") = "interface and classes", "interface and classes\interface and classes.csproj", "{98AEE525-744A-4B6D-B3DA-F14A5D872756}"
EndProject
Global
	GlobalSection(SolutionConfigurationPlatforms) = preSolution
		Debug|Any CPU = Debug|Any CPU
		Release|Any CPU = Release|Any CPU
	EndGlobalSection
	GlobalSection(ProjectConfigurationPlatforms) = postSolution
		{98AEE525-744A-4B6D-B3DA-F14A5D872756}.Debug|Any CPU.ActiveCfg = Debug|Any CPU
		{98AEE525-744A-4B6D-B3DA-F14A5D872756}.Debug|Any CPU.Build.0 = Debug|Any CPU
		{98AEE525-744A-4B6D-B3DA-F14A5D872756}.Release|Any CPU.ActiveCfg = Release|Any CPU
		{98AEE525-744A-4B6D-B3DA-F14A5D872756}.Release|Any CPU.Build.0 = Release|Any CPU
	EndGlobalSection
	GlobalSection(SolutionProperties) = preSolution
		HideSolutionNode = FALSE
	EndGlobalSection
	GlobalSection(ExtensibilityGlobals) = postSolution
		SolutionGuid = {5124A37B-34A5-47E4-A0B1-DFA967155349}
	EndGlobalSection
EndGlobal
